{
    "name": "helloworld",
    "version": "1.0.0",
    "lockfileVersion": 1,
    "requires": true,
    "dependencies": {
        "cordova-pdf-generator": {
            "version": "2.0.8",
            "resolved": "https://registry.npmjs.org/cordova-pdf-generator/-/cordova-pdf-generator-2.0.8.tgz",
            "integrity": "sha512-HIEWtypWERg8s5lpwOyhz71eq94e0XvbnTpaBUTneY1Tol3RHpsCvxniv5uN/MfrF9hi2e4FeTsGWzrZAeblTw=="
        },
        "cordova-plugin-camera": {
            "version": "4.0.3",
            "resolved": "https://registry.npmjs.org/cordova-plugin-camera/-/cordova-plugin-camera-4.0.3.tgz",
            "integrity": "sha1-c3Olk4MYyGzP2E43E+I4LRD+B2s="
        },
        "cordova-plugin-file": {
            "version": "6.0.1",
            "resolved": "https://registry.npmjs.org/cordova-plugin-file/-/cordova-plugin-file-6.0.1.tgz",
            "integrity": "sha1-SWBrjBWlaI1HKPkuSnMloGHeB/U="
        }
    }
}
